
Microsoft Visual Studio Solution File, Format Version 12.00
Project("{FAE04EC0-301F-11D3-BF4B-00C04F79EFBC}") = "TicTacToeBot", "TicTacToeBot\TicTacToeBot.csproj", "{EADD23D5-70E4-43E8-B970-501B1E620A5E}"
EndProject
Project("{FAE04EC0-301F-11D3-BF4B-00C04F79EFBC}") = "StrategyPrecalculationService", "StrategyPrecalculationService\StrategyPrecalculationService.csproj", "{1932E53D-DEE4-415C-8487-9A2330B74672}"
EndProject
Global
	GlobalSection(SolutionConfigurationPlatforms) = preSolution
		Debug|Any CPU = Debug|Any CPU
		Release|Any CPU = Release|Any CPU
	EndGlobalSection
	GlobalSection(ProjectConfigurationPlatforms) = postSolution
		{EADD23D5-70E4-43E8-B970-501B1E620A5E}.Debug|Any CPU.ActiveCfg = Debug|Any CPU
		{EADD23D5-70E4-43E8-B970-501B1E620A5E}.Debug|Any CPU.Build.0 = Debug|Any CPU
		{EADD23D5-70E4-43E8-B970-501B1E620A5E}.Release|Any CPU.ActiveCfg = Release|Any CPU
		{EADD23D5-70E4-43E8-B970-501B1E620A5E}.Release|Any CPU.Build.0 = Release|Any CPU
		{1932E53D-DEE4-415C-8487-9A2330B74672}.Debug|Any CPU.ActiveCfg = Debug|Any CPU
		{1932E53D-DEE4-415C-8487-9A2330B74672}.Debug|Any CPU.Build.0 = Debug|Any CPU
		{1932E53D-DEE4-415C-8487-9A2330B74672}.Release|Any CPU.ActiveCfg = Release|Any CPU
		{1932E53D-DEE4-415C-8487-9A2330B74672}.Release|Any CPU.Build.0 = Release|Any CPU
	EndGlobalSection
EndGlobal
